# THIS IS AN AUTOGENERATED FILE. DO NOT EDIT THIS FILE DIRECTLY.
# yarn lockfile v1


"@types/feather-icons@^4.7.0":
  version "4.7.0"
  resolved "https://registry.yarnpkg.com/@types/feather-icons/-/feather-icons-4.7.0.tgz#ec66bc046bcd1513835f87541ecef54b50c57ec9"
  integrity sha512-vflOrmlHMGIGVN4AEl6ErPCNKBLcP1ehEpLqnJkTgf69r5QmJzy7BF1WzbBc8Hqs9KffROPT/JqlSKH4o5vB/w==

classnames@^2.2.5:
  version "2.3.1"
  resolved "https://registry.yarnpkg.com/classnames/-/classnames-2.3.1.tgz#dfcfa3891e306ec1dad105d0e88f4417b8535e8e"
  integrity sha512-OlQdbZ7gLfGarSqxesMesDa5uz7KFbID8Kpq/SxIoNGDqY8lSYs0D+hhtBXhcdB3rcbXArFr7vlHheLk1voeNA==

core-js@^3.1.3:
  version "3.22.2"
  resolved "https://registry.yarnpkg.com/core-js/-/core-js-3.22.2.tgz#3ea0a245b0895fa39d1faa15fe75d91ade504a01"
  integrity sha512-Z5I2vzDnEIqO2YhELVMFcL1An2CIsFe9Q7byZhs8c/QxummxZlAHw33TUHbIte987LkisOgL0LwQ1P9D6VISnA==

feather-icons@^4.29.0:
  version "4.29.0"
  resolved "https://registry.yarnpkg.com/feather-icons/-/feather-icons-4.29.0.tgz#4e40e3cbb7bf359ffbbf700edbebdde4e4a74ab6"
  integrity sha512-Y7VqN9FYb8KdaSF0qD1081HCkm0v4Eq/fpfQYQnubpqi0hXx14k+gF9iqtRys1SIcTEi97xDi/fmsPFZ8xo0GQ==
  dependencies:
    classnames "^2.2.5"
    core-js "^3.1.3"
